
Microsoft Visual Studio Solution File, Format Version 12.00
# Visual Studio Version 17
VisualStudioVersion = 17.4.33213.308
MinimumVisualStudioVersion = 10.0.40219.1
Project("{FAE04EC0-301F-11D3-BF4B-00C04F79EFBC}") = "CommonLibrary", "CommonLibrary\CommonLibrary.csproj", "{7A1FB2FF-A0F6-480F-9739-CE3A3FE9F0FE}"
EndProject
Global
	GlobalSection(SolutionConfigurationPlatforms) = preSolution
		Debug|Any CPU = Debug|Any CPU
		Release|Any CPU = Release|Any CPU
	EndGlobalSection
	GlobalSection(ProjectConfigurationPlatforms) = postSolution
		{7A1FB2FF-A0F6-480F-9739-CE3A3FE9F0FE}.Debug|Any CPU.ActiveCfg = Debug|Any CPU
		{7A1FB2FF-A0F6-480F-9739-CE3A3FE9F0FE}.Debug|Any CPU.Build.0 = Debug|Any CPU
		{7A1FB2FF-A0F6-480F-9739-CE3A3FE9F0FE}.Release|Any CPU.ActiveCfg = Release|Any CPU
		{7A1FB2FF-A0F6-480F-9739-CE3A3FE9F0FE}.Release|Any CPU.Build.0 = Release|Any CPU
	EndGlobalSection
	GlobalSection(SolutionProperties) = preSolution
		HideSolutionNode = FALSE
	EndGlobalSection
	GlobalSection(ExtensibilityGlobals) = postSolution
		SolutionGuid = {F0522F4C-1361-4BE5-A7C6-77EA25A32622}
	EndGlobalSection
EndGlobal
